
Microsoft Visual Studio Solution File, Format Version 12.00
# Visual Studio Version 17
VisualStudioVersion = 17.1.32407.343
MinimumVisualStudioVersion = 10.0.40219.1
Project("{FAE04EC0-301F-11D3-BF4B-00C04F79EFBC}") = "BlockPortsServer", "BlockPortsServer\BlockPortsServer.csproj", "{E30A429B-2E31-4F4F-8E29-29736A174711}"
EndProject
Project("{FAE04EC0-301F-11D3-BF4B-00C04F79EFBC}") = "BlockPortsClient", "BlockPortsClient\BlockPortsClient.csproj", "{2D838AD6-6E65-45BA-9BFE-3674EC79DAFD}"
EndProject
Global
	GlobalSection(SolutionConfigurationPlatforms) = preSolution
		Debug|Any CPU = Debug|Any CPU
		Release|Any CPU = Release|Any CPU
	EndGlobalSection
	GlobalSection(ProjectConfigurationPlatforms) = postSolution
		{E30A429B-2E31-4F4F-8E29-29736A174711}.Debug|Any CPU.ActiveCfg = Debug|Any CPU
		{E30A429B-2E31-4F4F-8E29-29736A174711}.Debug|Any CPU.Build.0 = Debug|Any CPU
		{E30A429B-2E31-4F4F-8E29-29736A174711}.Release|Any CPU.ActiveCfg = Release|Any CPU
		{E30A429B-2E31-4F4F-8E29-29736A174711}.Release|Any CPU.Build.0 = Release|Any CPU
		{2D838AD6-6E65-45BA-9BFE-3674EC79DAFD}.Debug|Any CPU.ActiveCfg = Debug|Any CPU
		{2D838AD6-6E65-45BA-9BFE-3674EC79DAFD}.Debug|Any CPU.Build.0 = Debug|Any CPU
		{2D838AD6-6E65-45BA-9BFE-3674EC79DAFD}.Release|Any CPU.ActiveCfg = Release|Any CPU
		{2D838AD6-6E65-45BA-9BFE-3674EC79DAFD}.Release|Any CPU.Build.0 = Release|Any CPU
	EndGlobalSection
	GlobalSection(SolutionProperties) = preSolution
		HideSolutionNode = FALSE
	EndGlobalSection
	GlobalSection(ExtensibilityGlobals) = postSolution
		SolutionGuid = {936D1700-CFAF-47E8-A209-1E64A121C2D7}
	EndGlobalSection
EndGlobal
